
Microsoft Visual Studio Solution File, Format Version 12.00
# Visual Studio Version 17
VisualStudioVersion = 17.7.34018.315
MinimumVisualStudioVersion = 10.0.40219.1
Project("{FAE04EC0-301F-11D3-BF4B-00C04F79EFBC}") = "Avalon.BarBStyle.Colors", "Avalon.BarBStyle.Colors.csproj", "{70EE0AC2-85F5-4090-92C5-9EA51C3D4E33}"
EndProject
Global
	GlobalSection(SolutionConfigurationPlatforms) = preSolution
		Debug|Any CPU = Debug|Any CPU
		Release|Any CPU = Release|Any CPU
	EndGlobalSection
	GlobalSection(ProjectConfigurationPlatforms) = postSolution
		{70EE0AC2-85F5-4090-92C5-9EA51C3D4E33}.Debug|Any CPU.ActiveCfg = Debug|Any CPU
		{70EE0AC2-85F5-4090-92C5-9EA51C3D4E33}.Debug|Any CPU.Build.0 = Debug|Any CPU
		{70EE0AC2-85F5-4090-92C5-9EA51C3D4E33}.Release|Any CPU.ActiveCfg = Release|Any CPU
		{70EE0AC2-85F5-4090-92C5-9EA51C3D4E33}.Release|Any CPU.Build.0 = Release|Any CPU
	EndGlobalSection
	GlobalSection(SolutionProperties) = preSolution
		HideSolutionNode = FALSE
	EndGlobalSection
	GlobalSection(ExtensibilityGlobals) = postSolution
		SolutionGuid = {64E9F35D-EDF5-468D-91F9-CC00672A11B7}
	EndGlobalSection
EndGlobal
